{
  "dependencies": {
    "JSONStream": {
      "version": "1.0.7",
      "resolved": "https://registry.npmjs.org/JSONStream/-/JSONStream-1.0.7.tgz",
      "from": "https://registry.npmjs.org/JSONStream/-/JSONStream-1.0.7.tgz",
      "dependencies": {
        "jsonparse": {
          "version": "1.2.0",
          "resolved": "https://registry.npmjs.org/jsonparse/-/jsonparse-1.2.0.tgz",
          "from": "https://registry.npmjs.org/jsonparse/-/jsonparse-1.2.0.tgz"
        },
        "through": {
          "version": "2.3.8",
          "resolved": "https://registry.npmjs.org/through/-/through-2.3.8.tgz",
          "from": "https://registry.npmjs.org/through/-/through-2.3.8.tgz"
        }
      }
    },
    "amqplib": {
      "version": "0.4.0",
      "resolved": "https://registry.npmjs.org/amqplib/-/amqplib-0.4.0.tgz",
      "from": "https://registry.npmjs.org/amqplib/-/amqplib-0.4.0.tgz",
      "dependencies": {
        "bitsyntax": {
          "version": "0.0.4",
          "resolved": "https://registry.npmjs.org/bitsyntax/-/bitsyntax-0.0.4.tgz",
          "from": "https://registry.npmjs.org/bitsyntax/-/bitsyntax-0.0.4.tgz"
        },
        "buffer-more-ints": {
          "version": "0.0.2",
          "resolved": "https://registry.npmjs.org/buffer-more-ints/-/buffer-more-ints-0.0.2.tgz",
          "from": "https://registry.npmjs.org/buffer-more-ints/-/buffer-more-ints-0.0.2.tgz"
        },
        "readable-stream": {
          "version": "1.1.13",
          "resolved": "https://registry.npmjs.org/readable-stream/-/readable-stream-1.1.13.tgz",
          "from": "https://registry.npmjs.org/readable-stream/-/readable-stream-1.1.13.tgz",
          "dependencies": {
            "core-util-is": {
              "version": "1.0.2",
              "resolved": "https://registry.npmjs.org/core-util-is/-/core-util-is-1.0.2.tgz",
              "from": "https://registry.npmjs.org/core-util-is/-/core-util-is-1.0.2.tgz"
            },
            "inherits": {
              "version": "2.0.1",
              "resolved": "https://registry.npmjs.org/inherits/-/inherits-2.0.1.tgz",
              "from": "https://registry.npmjs.org/inherits/-/inherits-2.0.1.tgz"
            },
            "isarray": {
              "version": "0.0.1",
              "resolved": "https://registry.npmjs.org/isarray/-/isarray-0.0.1.tgz",
              "from": "https://registry.npmjs.org/isarray/-/isarray-0.0.1.tgz"
            },
            "string_decoder": {
              "version": "0.10.31",
              "resolved": "https://registry.npmjs.org/string_decoder/-/string_decoder-0.10.31.tgz",
              "from": "https://registry.npmjs.org/string_decoder/-/string_decoder-0.10.31.tgz"
            }
          }
        },
        "when": {
          "version": "3.6.4",
          "resolved": "https://registry.npmjs.org/when/-/when-3.6.4.tgz",
          "from": "https://registry.npmjs.org/when/-/when-3.6.4.tgz"
        }
      }
    },
    "mongodb": {
      "version": "2.1.2",
      "resolved": "https://registry.npmjs.org/mongodb/-/mongodb-2.1.2.tgz",
      "from": "https://registry.npmjs.org/mongodb/-/mongodb-2.1.2.tgz",
      "dependencies": {
        "es6-promise": {
          "version": "3.0.2",
          "resolved": "https://registry.npmjs.org/es6-promise/-/es6-promise-3.0.2.tgz",
          "from": "https://registry.npmjs.org/es6-promise/-/es6-promise-3.0.2.tgz"
        },
        "kerberos": {
          "version": "0.0.17",
          "resolved": "https://registry.npmjs.org/kerberos/-/kerberos-0.0.17.tgz",
          "from": "https://registry.npmjs.org/kerberos/-/kerberos-0.0.17.tgz",
          "dependencies": {
            "nan": {
              "version": "2.0.9",
              "resolved": "https://registry.npmjs.org/nan/-/nan-2.0.9.tgz",
              "from": "https://registry.npmjs.org/nan/-/nan-2.0.9.tgz"
            }
          }
        },
        "mongodb-core": {
          "version": "1.2.30",
          "resolved": "https://registry.npmjs.org/mongodb-core/-/mongodb-core-1.2.30.tgz",
          "from": "https://registry.npmjs.org/mongodb-core/-/mongodb-core-1.2.30.tgz",
          "dependencies": {
            "bson": {
              "version": "0.4.20",
              "resolved": "https://registry.npmjs.org/bson/-/bson-0.4.20.tgz",
              "from": "https://registry.npmjs.org/bson/-/bson-0.4.20.tgz"
            }
          }
        },
        "readable-stream": {
          "version": "1.0.31",
          "resolved": "https://registry.npmjs.org/readable-stream/-/readable-stream-1.0.31.tgz",
          "from": "https://registry.npmjs.org/readable-stream/-/readable-stream-1.0.31.tgz",
          "dependencies": {
            "core-util-is": {
              "version": "1.0.2",
              "resolved": "https://registry.npmjs.org/core-util-is/-/core-util-is-1.0.2.tgz",
              "from": "https://registry.npmjs.org/core-util-is/-/core-util-is-1.0.2.tgz"
            },
            "inherits": {
              "version": "2.0.1",
              "resolved": "https://registry.npmjs.org/inherits/-/inherits-2.0.1.tgz",
              "from": "https://registry.npmjs.org/inherits/-/inherits-2.0.1.tgz"
            },
            "isarray": {
              "version": "0.0.1",
              "resolved": "https://registry.npmjs.org/isarray/-/isarray-0.0.1.tgz",
              "from": "https://registry.npmjs.org/isarray/-/isarray-0.0.1.tgz"
            },
            "string_decoder": {
              "version": "0.10.31",
              "resolved": "https://registry.npmjs.org/string_decoder/-/string_decoder-0.10.31.tgz",
              "from": "https://registry.npmjs.org/string_decoder/-/string_decoder-0.10.31.tgz"
            }
          }
        }
      }
    },
    "mysql": {
      "version": "2.10.0",
      "resolved": "https://registry.npmjs.org/mysql/-/mysql-2.10.0.tgz",
      "from": "https://registry.npmjs.org/mysql/-/mysql-2.10.0.tgz",
      "dependencies": {
        "bignumber.js": {
          "version": "2.1.2",
          "resolved": "https://registry.npmjs.org/bignumber.js/-/bignumber.js-2.1.2.tgz",
          "from": "https://registry.npmjs.org/bignumber.js/-/bignumber.js-2.1.2.tgz"
        },
        "readable-stream": {
          "version": "1.1.13",
          "resolved": "https://registry.npmjs.org/readable-stream/-/readable-stream-1.1.13.tgz",
          "from": "https://registry.npmjs.org/readable-stream/-/readable-stream-1.1.13.tgz",
          "dependencies": {
            "core-util-is": {
              "version": "1.0.2",
              "resolved": "https://registry.npmjs.org/core-util-is/-/core-util-is-1.0.2.tgz",
              "from": "https://registry.npmjs.org/core-util-is/-/core-util-is-1.0.2.tgz"
            },
            "inherits": {
              "version": "2.0.1",
              "resolved": "https://registry.npmjs.org/inherits/-/inherits-2.0.1.tgz",
              "from": "https://registry.npmjs.org/inherits/-/inherits-2.0.1.tgz"
            },
            "isarray": {
              "version": "0.0.1",
              "resolved": "https://registry.npmjs.org/isarray/-/isarray-0.0.1.tgz",
              "from": "https://registry.npmjs.org/isarray/-/isarray-0.0.1.tgz"
            },
            "string_decoder": {
              "version": "0.10.31",
              "resolved": "https://registry.npmjs.org/string_decoder/-/string_decoder-0.10.31.tgz",
              "from": "https://registry.npmjs.org/string_decoder/-/string_decoder-0.10.31.tgz"
            }
          }
        }
      }
    }
  }
}
